
Microsoft Visual Studio Solution File, Format Version 12.00
# Visual Studio Version 16
VisualStudioVersion = 16.0.31321.278
MinimumVisualStudioVersion = 10.0.40219.1
Project("{8BC9CEB8-8B4A-11D0-8D11-00A0C91BC942}") = "DeneyapOdev4", "DeneyapOdev4\DeneyapOdev4.vcxproj", "{975278DF-D65E-495F-80AD-81854FD77846}"
EndProject
Global
	GlobalSection(SolutionConfigurationPlatforms) = preSolution
		Debug|x64 = Debug|x64
		Debug|x86 = Debug|x86
		Release|x64 = Release|x64
		Release|x86 = Release|x86
	EndGlobalSection
	GlobalSection(ProjectConfigurationPlatforms) = postSolution
		{975278DF-D65E-495F-80AD-81854FD77846}.Debug|x64.ActiveCfg = Debug|x64
		{975278DF-D65E-495F-80AD-81854FD77846}.Debug|x64.Build.0 = Debug|x64
		{975278DF-D65E-495F-80AD-81854FD77846}.Debug|x86.ActiveCfg = Debug|Win32
		{975278DF-D65E-495F-80AD-81854FD77846}.Debug|x86.Build.0 = Debug|Win32
		{975278DF-D65E-495F-80AD-81854FD77846}.Release|x64.ActiveCfg = Release|x64
		{975278DF-D65E-495F-80AD-81854FD77846}.Release|x64.Build.0 = Release|x64
		{975278DF-D65E-495F-80AD-81854FD77846}.Release|x86.ActiveCfg = Release|Win32
		{975278DF-D65E-495F-80AD-81854FD77846}.Release|x86.Build.0 = Release|Win32
	EndGlobalSection
	GlobalSection(SolutionProperties) = preSolution
		HideSolutionNode = FALSE
	EndGlobalSection
	GlobalSection(ExtensibilityGlobals) = postSolution
		SolutionGuid = {7B166E43-A9E7-4579-A531-83E46E5915EC}
	EndGlobalSection
EndGlobal
